{
  "version": "5",
  "specifiers": {
    "jsr:@eu-ge-ne/kitty-keys@~0.7.1": "0.7.1",
    "jsr:@eu-ge-ne/text-buf@~0.14.2": "0.14.2",
    "jsr:@std/cli@^1.0.21": "1.0.21"
  },
  "jsr": {
    "@eu-ge-ne/kitty-keys@0.7.1": {
      "integrity": "dc42511f4f5adb6634f6aa071de243d85d5f6517a02d900c8525456e6b6a965c"
    },
    "@eu-ge-ne/text-buf@0.14.2": {
      "integrity": "baba9fb13e4fb8fcdda0cfe4a78a17a3417afbc7ef08c3363ff24a86754a63b3"
    },
    "@std/cli@1.0.21": {
      "integrity": "cd25b050bdf6282e321854e3822bee624f07aca7636a3a76d95f77a3a919ca2a"
    }
  },
  "workspace": {
    "dependencies": [
      "jsr:@eu-ge-ne/kitty-keys@~0.7.1",
      "jsr:@eu-ge-ne/text-buf@~0.14.2",
      "jsr:@std/cli@^1.0.21"
    ]
  }
}
