{
  "version": "5",
  "specifiers": {
    "jsr:@eu-ge-ne/kitty-keys@0.11": "0.11.0",
    "jsr:@eu-ge-ne/text-buf@~0.14.2": "0.14.2",
    "jsr:@std/cli@^1.0.22": "1.0.22"
  },
  "jsr": {
    "@eu-ge-ne/kitty-keys@0.11.0": {
      "integrity": "35eaf10c829c70ddac82624330e26ee6b3f42210f5fecab3eb7181463e2c0436"
    },
    "@eu-ge-ne/text-buf@0.14.2": {
      "integrity": "baba9fb13e4fb8fcdda0cfe4a78a17a3417afbc7ef08c3363ff24a86754a63b3"
    },
    "@std/cli@1.0.22": {
      "integrity": "50d1e4f87887cb8a8afa29b88505ab5081188f5cad3985460c3b471fa49ff21a"
    }
  },
  "workspace": {
    "dependencies": [
      "jsr:@eu-ge-ne/kitty-keys@0.11",
      "jsr:@eu-ge-ne/text-buf@~0.14.2",
      "jsr:@std/cli@^1.0.22"
    ]
  }
}
